
Microsoft Visual Studio Solution File, Format Version 12.00
# Visual Studio Version 16
VisualStudioVersion = 16.0.29728.190
MinimumVisualStudioVersion = 10.0.40219.1
Project("{FAE04EC0-301F-11D3-BF4B-00C04F79EFBC}") = "Example1", "Example1\Example1.csproj", "{4FCDD605-1394-4287-995E-72B87DCFE3EE}"
EndProject
Project("{FAE04EC0-301F-11D3-BF4B-00C04F79EFBC}") = "Example2", "Example2\Example2.csproj", "{4A8BDE06-7CA8-47A9-BEF8-63571EE19C3F}"
EndProject
Project("{FAE04EC0-301F-11D3-BF4B-00C04F79EFBC}") = "Example3", "Example3\Example3.csproj", "{97D88744-C496-4427-806E-1AE7A502C124}"
EndProject
Project("{FAE04EC0-301F-11D3-BF4B-00C04F79EFBC}") = "Example4", "Example4\Example4.csproj", "{1AF6125A-2914-4E6B-8C03-890637833CFC}"
EndProject
Project("{FAE04EC0-301F-11D3-BF4B-00C04F79EFBC}") = "Example5", "Example5\Example5.csproj", "{90034B9E-8C50-4FE7-A478-213009C918DF}"
EndProject
Project("{FAE04EC0-301F-11D3-BF4B-00C04F79EFBC}") = "Example6", "Example6\Example6.csproj", "{AD9E2458-546F-47BD-8C8E-2E064B32D6D0}"
EndProject
Global
	GlobalSection(SolutionConfigurationPlatforms) = preSolution
		Debug|Any CPU = Debug|Any CPU
		Release|Any CPU = Release|Any CPU
	EndGlobalSection
	GlobalSection(ProjectConfigurationPlatforms) = postSolution
		{4FCDD605-1394-4287-995E-72B87DCFE3EE}.Debug|Any CPU.ActiveCfg = Debug|Any CPU
		{4FCDD605-1394-4287-995E-72B87DCFE3EE}.Debug|Any CPU.Build.0 = Debug|Any CPU
		{4FCDD605-1394-4287-995E-72B87DCFE3EE}.Release|Any CPU.ActiveCfg = Release|Any CPU
		{4FCDD605-1394-4287-995E-72B87DCFE3EE}.Release|Any CPU.Build.0 = Release|Any CPU
		{4A8BDE06-7CA8-47A9-BEF8-63571EE19C3F}.Debug|Any CPU.ActiveCfg = Debug|Any CPU
		{4A8BDE06-7CA8-47A9-BEF8-63571EE19C3F}.Debug|Any CPU.Build.0 = Debug|Any CPU
		{4A8BDE06-7CA8-47A9-BEF8-63571EE19C3F}.Release|Any CPU.ActiveCfg = Release|Any CPU
		{4A8BDE06-7CA8-47A9-BEF8-63571EE19C3F}.Release|Any CPU.Build.0 = Release|Any CPU
		{97D88744-C496-4427-806E-1AE7A502C124}.Debug|Any CPU.ActiveCfg = Debug|Any CPU
		{97D88744-C496-4427-806E-1AE7A502C124}.Debug|Any CPU.Build.0 = Debug|Any CPU
		{97D88744-C496-4427-806E-1AE7A502C124}.Release|Any CPU.ActiveCfg = Release|Any CPU
		{97D88744-C496-4427-806E-1AE7A502C124}.Release|Any CPU.Build.0 = Release|Any CPU
		{1AF6125A-2914-4E6B-8C03-890637833CFC}.Debug|Any CPU.ActiveCfg = Debug|Any CPU
		{1AF6125A-2914-4E6B-8C03-890637833CFC}.Debug|Any CPU.Build.0 = Debug|Any CPU
		{1AF6125A-2914-4E6B-8C03-890637833CFC}.Release|Any CPU.ActiveCfg = Release|Any CPU
		{1AF6125A-2914-4E6B-8C03-890637833CFC}.Release|Any CPU.Build.0 = Release|Any CPU
		{90034B9E-8C50-4FE7-A478-213009C918DF}.Debug|Any CPU.ActiveCfg = Debug|Any CPU
		{90034B9E-8C50-4FE7-A478-213009C918DF}.Debug|Any CPU.Build.0 = Debug|Any CPU
		{90034B9E-8C50-4FE7-A478-213009C918DF}.Release|Any CPU.ActiveCfg = Release|Any CPU
		{90034B9E-8C50-4FE7-A478-213009C918DF}.Release|Any CPU.Build.0 = Release|Any CPU
		{AD9E2458-546F-47BD-8C8E-2E064B32D6D0}.Debug|Any CPU.ActiveCfg = Debug|Any CPU
		{AD9E2458-546F-47BD-8C8E-2E064B32D6D0}.Debug|Any CPU.Build.0 = Debug|Any CPU
		{AD9E2458-546F-47BD-8C8E-2E064B32D6D0}.Release|Any CPU.ActiveCfg = Release|Any CPU
		{AD9E2458-546F-47BD-8C8E-2E064B32D6D0}.Release|Any CPU.Build.0 = Release|Any CPU
	EndGlobalSection
	GlobalSection(SolutionProperties) = preSolution
		HideSolutionNode = FALSE
	EndGlobalSection
	GlobalSection(ExtensibilityGlobals) = postSolution
		SolutionGuid = {B1A86E1C-BC75-4757-B28A-CE33BDDCD7E4}
	EndGlobalSection
EndGlobal
