
Microsoft Visual Studio Solution File, Format Version 12.00
# Visual Studio Version 16
VisualStudioVersion = 16.0.29728.190
MinimumVisualStudioVersion = 10.0.40219.1
Project("{FAE04EC0-301F-11D3-BF4B-00C04F79EFBC}") = "LibraryExample", "LibraryExample\LibraryExample.csproj", "{68F365F3-48D3-440D-A334-83449F4B451F}"
EndProject
Global
	GlobalSection(SolutionConfigurationPlatforms) = preSolution
		Debug|Any CPU = Debug|Any CPU
		Release|Any CPU = Release|Any CPU
	EndGlobalSection
	GlobalSection(ProjectConfigurationPlatforms) = postSolution
		{68F365F3-48D3-440D-A334-83449F4B451F}.Debug|Any CPU.ActiveCfg = Debug|Any CPU
		{68F365F3-48D3-440D-A334-83449F4B451F}.Debug|Any CPU.Build.0 = Debug|Any CPU
		{68F365F3-48D3-440D-A334-83449F4B451F}.Release|Any CPU.ActiveCfg = Release|Any CPU
		{68F365F3-48D3-440D-A334-83449F4B451F}.Release|Any CPU.Build.0 = Release|Any CPU
	EndGlobalSection
	GlobalSection(SolutionProperties) = preSolution
		HideSolutionNode = FALSE
	EndGlobalSection
	GlobalSection(ExtensibilityGlobals) = postSolution
		SolutionGuid = {74C530D6-0A59-4C66-8B29-D9C85A1E04AA}
	EndGlobalSection
EndGlobal
