
Microsoft Visual Studio Solution File, Format Version 12.00
# Visual Studio Version 16
VisualStudioVersion = 16.0.29728.190
MinimumVisualStudioVersion = 10.0.40219.1
Project("{FAE04EC0-301F-11D3-BF4B-00C04F79EFBC}") = "CompanySimple", "CompanySimple\CompanySimple.csproj", "{21346BB4-BE0C-420B-82A5-18B9089F70FC}"
EndProject
Global
	GlobalSection(SolutionConfigurationPlatforms) = preSolution
		Debug|Any CPU = Debug|Any CPU
		Release|Any CPU = Release|Any CPU
	EndGlobalSection
	GlobalSection(ProjectConfigurationPlatforms) = postSolution
		{21346BB4-BE0C-420B-82A5-18B9089F70FC}.Debug|Any CPU.ActiveCfg = Debug|Any CPU
		{21346BB4-BE0C-420B-82A5-18B9089F70FC}.Debug|Any CPU.Build.0 = Debug|Any CPU
		{21346BB4-BE0C-420B-82A5-18B9089F70FC}.Release|Any CPU.ActiveCfg = Release|Any CPU
		{21346BB4-BE0C-420B-82A5-18B9089F70FC}.Release|Any CPU.Build.0 = Release|Any CPU
	EndGlobalSection
	GlobalSection(SolutionProperties) = preSolution
		HideSolutionNode = FALSE
	EndGlobalSection
	GlobalSection(ExtensibilityGlobals) = postSolution
		SolutionGuid = {AFD67610-8A1F-4646-96D2-B82BBAB2D88F}
	EndGlobalSection
EndGlobal
