
Microsoft Visual Studio Solution File, Format Version 12.00
# Visual Studio Version 16
VisualStudioVersion = 16.0.29728.190
MinimumVisualStudioVersion = 10.0.40219.1
Project("{FAE04EC0-301F-11D3-BF4B-00C04F79EFBC}") = "Example1", "Example1\Example1.csproj", "{B9755453-410D-4201-AA7A-26404364A5C9}"
EndProject
Global
	GlobalSection(SolutionConfigurationPlatforms) = preSolution
		Debug|Any CPU = Debug|Any CPU
		Release|Any CPU = Release|Any CPU
	EndGlobalSection
	GlobalSection(ProjectConfigurationPlatforms) = postSolution
		{B9755453-410D-4201-AA7A-26404364A5C9}.Debug|Any CPU.ActiveCfg = Debug|Any CPU
		{B9755453-410D-4201-AA7A-26404364A5C9}.Debug|Any CPU.Build.0 = Debug|Any CPU
		{B9755453-410D-4201-AA7A-26404364A5C9}.Release|Any CPU.ActiveCfg = Release|Any CPU
		{B9755453-410D-4201-AA7A-26404364A5C9}.Release|Any CPU.Build.0 = Release|Any CPU
	EndGlobalSection
	GlobalSection(SolutionProperties) = preSolution
		HideSolutionNode = FALSE
	EndGlobalSection
	GlobalSection(ExtensibilityGlobals) = postSolution
		SolutionGuid = {A5458838-82D0-4FB5-8EB1-F82C8136B859}
	EndGlobalSection
EndGlobal
