
Microsoft Visual Studio Solution File, Format Version 12.00
# Visual Studio Version 16
VisualStudioVersion = 16.0.29728.190
MinimumVisualStudioVersion = 10.0.40219.1
Project("{FAE04EC0-301F-11D3-BF4B-00C04F79EFBC}") = "ExcelExample", "ExcelExample\ExcelExample.csproj", "{5A1C0F30-E512-4BAF-8794-021D10A89BBB}"
EndProject
Global
	GlobalSection(SolutionConfigurationPlatforms) = preSolution
		Debug|Any CPU = Debug|Any CPU
		Release|Any CPU = Release|Any CPU
	EndGlobalSection
	GlobalSection(ProjectConfigurationPlatforms) = postSolution
		{5A1C0F30-E512-4BAF-8794-021D10A89BBB}.Debug|Any CPU.ActiveCfg = Debug|Any CPU
		{5A1C0F30-E512-4BAF-8794-021D10A89BBB}.Debug|Any CPU.Build.0 = Debug|Any CPU
		{5A1C0F30-E512-4BAF-8794-021D10A89BBB}.Release|Any CPU.ActiveCfg = Release|Any CPU
		{5A1C0F30-E512-4BAF-8794-021D10A89BBB}.Release|Any CPU.Build.0 = Release|Any CPU
	EndGlobalSection
	GlobalSection(SolutionProperties) = preSolution
		HideSolutionNode = FALSE
	EndGlobalSection
	GlobalSection(ExtensibilityGlobals) = postSolution
		SolutionGuid = {418C246B-B05A-4794-A0EA-4CBA85A62B39}
	EndGlobalSection
EndGlobal
