
Microsoft Visual Studio Solution File, Format Version 12.00
# Visual Studio Version 16
VisualStudioVersion = 16.0.29728.190
MinimumVisualStudioVersion = 10.0.40219.1
Project("{9A19103F-16F7-4668-BE54-9A1E7A4F7556}") = "Virus", "Virus\Virus.csproj", "{0074E962-1D76-4F0C-804F-BAEC46A88BF1}"
EndProject
Project("{9A19103F-16F7-4668-BE54-9A1E7A4F7556}") = "DnaAminoAcid", "DnaAminoAcid\DnaAminoAcid.csproj", "{9F47FAAF-05DF-4A9A-A430-BC0859A70FD3}"
EndProject
Project("{FAE04EC0-301F-11D3-BF4B-00C04F79EFBC}") = "ArrayApps", "ArrayApps\ArrayApps.csproj", "{569A637D-0516-499F-B4D8-287FF9B5DB2A}"
EndProject
Global
	GlobalSection(SolutionConfigurationPlatforms) = preSolution
		Debug|Any CPU = Debug|Any CPU
		Release|Any CPU = Release|Any CPU
	EndGlobalSection
	GlobalSection(ProjectConfigurationPlatforms) = postSolution
		{0074E962-1D76-4F0C-804F-BAEC46A88BF1}.Debug|Any CPU.ActiveCfg = Debug|Any CPU
		{0074E962-1D76-4F0C-804F-BAEC46A88BF1}.Debug|Any CPU.Build.0 = Debug|Any CPU
		{0074E962-1D76-4F0C-804F-BAEC46A88BF1}.Release|Any CPU.ActiveCfg = Release|Any CPU
		{0074E962-1D76-4F0C-804F-BAEC46A88BF1}.Release|Any CPU.Build.0 = Release|Any CPU
		{9F47FAAF-05DF-4A9A-A430-BC0859A70FD3}.Debug|Any CPU.ActiveCfg = Debug|Any CPU
		{9F47FAAF-05DF-4A9A-A430-BC0859A70FD3}.Debug|Any CPU.Build.0 = Debug|Any CPU
		{9F47FAAF-05DF-4A9A-A430-BC0859A70FD3}.Release|Any CPU.ActiveCfg = Release|Any CPU
		{9F47FAAF-05DF-4A9A-A430-BC0859A70FD3}.Release|Any CPU.Build.0 = Release|Any CPU
		{569A637D-0516-499F-B4D8-287FF9B5DB2A}.Debug|Any CPU.ActiveCfg = Debug|Any CPU
		{569A637D-0516-499F-B4D8-287FF9B5DB2A}.Debug|Any CPU.Build.0 = Debug|Any CPU
		{569A637D-0516-499F-B4D8-287FF9B5DB2A}.Release|Any CPU.ActiveCfg = Release|Any CPU
		{569A637D-0516-499F-B4D8-287FF9B5DB2A}.Release|Any CPU.Build.0 = Release|Any CPU
	EndGlobalSection
	GlobalSection(SolutionProperties) = preSolution
		HideSolutionNode = FALSE
	EndGlobalSection
	GlobalSection(ExtensibilityGlobals) = postSolution
		SolutionGuid = {53112F04-D342-4C2A-8635-45B171A84ACC}
	EndGlobalSection
EndGlobal
