
Microsoft Visual Studio Solution File, Format Version 12.00
# Visual Studio Version 16
VisualStudioVersion = 16.0.29418.71
MinimumVisualStudioVersion = 10.0.40219.1
Project("{FAE04EC0-301F-11D3-BF4B-00C04F79EFBC}") = "TypeConversion", "TypeConversion\TypeConversion.csproj", "{9B5641FD-7204-406D-9482-BE89ED22C5A8}"
EndProject
Project("{FAE04EC0-301F-11D3-BF4B-00C04F79EFBC}") = "AryphmeticOperations", "AryphmeticOperations\AryphmeticOperations.csproj", "{8410591F-751E-41AB-9E05-13C42920F428}"
EndProject
Global
	GlobalSection(SolutionConfigurationPlatforms) = preSolution
		Debug|Any CPU = Debug|Any CPU
		Release|Any CPU = Release|Any CPU
	EndGlobalSection
	GlobalSection(ProjectConfigurationPlatforms) = postSolution
		{9B5641FD-7204-406D-9482-BE89ED22C5A8}.Debug|Any CPU.ActiveCfg = Debug|Any CPU
		{9B5641FD-7204-406D-9482-BE89ED22C5A8}.Debug|Any CPU.Build.0 = Debug|Any CPU
		{9B5641FD-7204-406D-9482-BE89ED22C5A8}.Release|Any CPU.ActiveCfg = Release|Any CPU
		{9B5641FD-7204-406D-9482-BE89ED22C5A8}.Release|Any CPU.Build.0 = Release|Any CPU
		{8410591F-751E-41AB-9E05-13C42920F428}.Debug|Any CPU.ActiveCfg = Debug|Any CPU
		{8410591F-751E-41AB-9E05-13C42920F428}.Debug|Any CPU.Build.0 = Debug|Any CPU
		{8410591F-751E-41AB-9E05-13C42920F428}.Release|Any CPU.ActiveCfg = Release|Any CPU
		{8410591F-751E-41AB-9E05-13C42920F428}.Release|Any CPU.Build.0 = Release|Any CPU
	EndGlobalSection
	GlobalSection(SolutionProperties) = preSolution
		HideSolutionNode = FALSE
	EndGlobalSection
	GlobalSection(ExtensibilityGlobals) = postSolution
		SolutionGuid = {5211BE6B-9E56-40DD-9344-88640114BC77}
	EndGlobalSection
EndGlobal
